
Microsoft Visual Studio Solution File, Format Version 12.00
# Visual Studio Version 16
VisualStudioVersion = 16.0.31515.178
MinimumVisualStudioVersion = 10.0.40219.1
Project("{9A19103F-16F7-4668-BE54-9A1E7A4F7556}") = "1027test", "1027test.csproj", "{B60A9BB2-3F39-41F9-8963-76DA7977E894}"
EndProject
Global
	GlobalSection(SolutionConfigurationPlatforms) = preSolution
		Debug|Any CPU = Debug|Any CPU
		Debug|x64 = Debug|x64
		Release|Any CPU = Release|Any CPU
		Release|x64 = Release|x64
	EndGlobalSection
	GlobalSection(ProjectConfigurationPlatforms) = postSolution
		{B60A9BB2-3F39-41F9-8963-76DA7977E894}.Debug|Any CPU.ActiveCfg = Debug|Any CPU
		{B60A9BB2-3F39-41F9-8963-76DA7977E894}.Debug|Any CPU.Build.0 = Debug|Any CPU
		{B60A9BB2-3F39-41F9-8963-76DA7977E894}.Debug|x64.ActiveCfg = Debug|x64
		{B60A9BB2-3F39-41F9-8963-76DA7977E894}.Debug|x64.Build.0 = Debug|x64
		{B60A9BB2-3F39-41F9-8963-76DA7977E894}.Release|Any CPU.ActiveCfg = Release|Any CPU
		{B60A9BB2-3F39-41F9-8963-76DA7977E894}.Release|Any CPU.Build.0 = Release|Any CPU
		{B60A9BB2-3F39-41F9-8963-76DA7977E894}.Release|x64.ActiveCfg = Debug|x64
		{B60A9BB2-3F39-41F9-8963-76DA7977E894}.Release|x64.Build.0 = Debug|x64
	EndGlobalSection
	GlobalSection(SolutionProperties) = preSolution
		HideSolutionNode = FALSE
	EndGlobalSection
	GlobalSection(ExtensibilityGlobals) = postSolution
		SolutionGuid = {BE6DACE9-70AF-45C3-9E86-6FF6A87611B5}
	EndGlobalSection
EndGlobal
